
Microsoft Visual Studio Solution File, Format Version 12.00
# Visual Studio Version 17
VisualStudioVersion = 17.11.35312.102
MinimumVisualStudioVersion = 10.0.40219.1
Project("{9A19103F-16F7-4668-BE54-9A1E7A4F7556}") = "LibraryRazor", "LibraryRazor\LibraryRazor.csproj", "{9E7BEBBB-E19F-4FDE-8B62-7560072E1FC9}"
EndProject
Project("{FAE04EC0-301F-11D3-BF4B-00C04F79EFBC}") = "Blazor test", "Blazor test\Blazor test.csproj", "{2A0856F7-D005-463F-A0FE-7D476936D283}"
EndProject
Global
	GlobalSection(SolutionConfigurationPlatforms) = preSolution
		Debug|Any CPU = Debug|Any CPU
		Release|Any CPU = Release|Any CPU
	EndGlobalSection
	GlobalSection(ProjectConfigurationPlatforms) = postSolution
		{9E7BEBBB-E19F-4FDE-8B62-7560072E1FC9}.Debug|Any CPU.ActiveCfg = Debug|Any CPU
		{9E7BEBBB-E19F-4FDE-8B62-7560072E1FC9}.Debug|Any CPU.Build.0 = Debug|Any CPU
		{9E7BEBBB-E19F-4FDE-8B62-7560072E1FC9}.Release|Any CPU.ActiveCfg = Release|Any CPU
		{9E7BEBBB-E19F-4FDE-8B62-7560072E1FC9}.Release|Any CPU.Build.0 = Release|Any CPU
		{2A0856F7-D005-463F-A0FE-7D476936D283}.Debug|Any CPU.ActiveCfg = Debug|Any CPU
		{2A0856F7-D005-463F-A0FE-7D476936D283}.Debug|Any CPU.Build.0 = Debug|Any CPU
		{2A0856F7-D005-463F-A0FE-7D476936D283}.Release|Any CPU.ActiveCfg = Release|Any CPU
		{2A0856F7-D005-463F-A0FE-7D476936D283}.Release|Any CPU.Build.0 = Release|Any CPU
	EndGlobalSection
	GlobalSection(SolutionProperties) = preSolution
		HideSolutionNode = FALSE
	EndGlobalSection
	GlobalSection(ExtensibilityGlobals) = postSolution
		SolutionGuid = {2B65031E-E013-4398-A81D-4278F440F0B1}
	EndGlobalSection
EndGlobal
